// !$*UTF8*$!
{
	archiveVersion = 1;
	classes = {
	};
	objectVersion = 46;
	objects = {

/* Begin PBXBuildFile section */
		5AA551711EC06C2E00CA5E0F /* AppDelegate.swift in Sources */ = {isa = PBXBuildFile; fileRef = 5AA551701EC06C2E00CA5E0F /* AppDelegate.swift */; };
		5AA551731EC06C2E00CA5E0F /* ViewController.swift in Sources */ = {isa = PBXBuildFile; fileRef = 5AA551721EC06C2E00CA5E0F /* ViewController.swift */; };
		5AA551761EC06C2E00CA5E0F /* Main.storyboard in Resources */ = {isa = PBXBuildFile; fileRef = 5AA551741EC06C2E00CA5E0F /* Main.storyboard */; };
		5AA551781EC06C2E00CA5E0F /* Assets.xcassets in Resources */ = {isa = PBXBuildFile; fileRef = 5AA551771EC06C2E00CA5E0F /* Assets.xcassets */; };
		5AA5517B1EC06C2E00CA5E0F /* LaunchScreen.storyboard in Resources */ = {isa = PBXBuildFile; fileRef = 5AA551791EC06C2E00CA5E0F /* LaunchScreen.storyboard */; };
		5AA551861EC06C2E00CA5E0F /* SwiftLearnTests.swift in Sources */ = {isa = PBXBuildFile; fileRef = 5AA551851EC06C2E00CA5E0F /* SwiftLearnTests.swift */; };
		5AA551911EC06C2E00CA5E0F /* SwiftLearnUITests.swift in Sources */ = {isa = PBXBuildFile; fileRef = 5AA551901EC06C2E00CA5E0F /* SwiftLearnUITests.swift */; };
		5AA5519F1EC076A900CA5E0F /* STLSurveyViewController.swift in Sources */ = {isa = PBXBuildFile; fileRef = 5AA5519E1EC076A900CA5E0F /* STLSurveyViewController.swift */; };
		87C7439CB7E81899A504B88F /* Pods_SwiftLearnUITests.framework in Frameworks */ = {isa = PBXBuildFile; fileRef = 6FB5145732818B4BD4E46BA3 /* Pods_SwiftLearnUITests.framework */; };
		AAA758F86F024E6D1AEFC163 /* Pods_SwiftLearn.framework in Frameworks */ = {isa = PBXBuildFile; fileRef = FAAF0FADB3099A36EF603D12 /* Pods_SwiftLearn.framework */; };
		EB7ABD57679CAE882F283063 /* Pods_SwiftLearnTests.framework in Frameworks */ = {isa = PBXBuildFile; fileRef = F359CB9ABC2C9B2843CDE9CD /* Pods_SwiftLearnTests.framework */; };
/* End PBXBuildFile section */

/* Begin PBXContainerItemProxy section */
		5AA551821EC06C2E00CA5E0F /* PBXContainerItemProxy */ = {
			isa = PBXContainerItemProxy;
			containerPortal = 5AA551651EC06C2E00CA5E0F /* Project object */;
			proxyType = 1;
			remoteGlobalIDString = 5AA5516C1EC06C2E00CA5E0F;
			remoteInfo = SwiftLearn;
		};
		5AA5518D1EC06C2E00CA5E0F /* PBXContainerItemProxy */ = {
			isa = PBXContainerItemProxy;
			containerPortal = 5AA551651EC06C2E00CA5E0F /* Project object */;
			proxyType = 1;
			remoteGlobalIDString = 5AA5516C1EC06C2E00CA5E0F;
			remoteInfo = SwiftLearn;
		};
/* End PBXContainerItemProxy section */

/* Begin PBXFileReference section */
		127BF43C50E94241C4AFB26B /* Pods-SwiftLearn.release.xcconfig */ = {isa = PBXFileReference; includeInIndex = 1; lastKnownFileType = text.xcconfig; name = "Pods-SwiftLearn.release.xcconfig"; path = "Pods/Target Support Files/Pods-SwiftLearn/Pods-SwiftLearn.release.xcconfig"; sourceTree = "<group>"; };
		37233925025034316D11A6D3 /* Pods-SwiftLearnTests.release.xcconfig */ = {isa = PBXFileReference; includeInIndex = 1; lastKnownFileType = text.xcconfig; name = "Pods-SwiftLearnTests.release.xcconfig"; path = "Pods/Target Support Files/Pods-SwiftLearnTests/Pods-SwiftLearnTests.release.xcconfig"; sourceTree = "<group>"; };
		5AA5516D1EC06C2E00CA5E0F /* SwiftLearn.app */ = {isa = PBXFileReference; explicitFileType = wrapper.application; includeInIndex = 0; path = SwiftLearn.app; sourceTree = BUILT_PRODUCTS_DIR; };
		5AA551701EC06C2E00CA5E0F /* AppDelegate.swift */ = {isa = PBXFileReference; lastKnownFileType = sourcecode.swift; path = AppDelegate.swift; sourceTree = "<group>"; };
		5AA551721EC06C2E00CA5E0F /* ViewController.swift */ = {isa = PBXFileReference; lastKnownFileType = sourcecode.swift; path = ViewController.swift; sourceTree = "<group>"; };
		5AA551751EC06C2E00CA5E0F /* Base */ = {isa = PBXFileReference; lastKnownFileType = file.storyboard; name = Base; path = Base.lproj/Main.storyboard; sourceTree = "<group>"; };
		5AA551771EC06C2E00CA5E0F /* Assets.xcassets */ = {isa = PBXFileReference; lastKnownFileType = folder.assetcatalog; path = Assets.xcassets; sourceTree = "<group>"; };
		5AA5517A1EC06C2E00CA5E0F /* Base */ = {isa = PBXFileReference; lastKnownFileType = file.storyboard; name = Base; path = Base.lproj/LaunchScreen.storyboard; sourceTree = "<group>"; };
		5AA5517C1EC06C2E00CA5E0F /* Info.plist */ = {isa = PBXFileReference; lastKnownFileType = text.plist.xml; path = Info.plist; sourceTree = "<group>"; };
		5AA551811EC06C2E00CA5E0F /* SwiftLearnTests.xctest */ = {isa = PBXFileReference; explicitFileType = wrapper.cfbundle; includeInIndex = 0; path = SwiftLearnTests.xctest; sourceTree = BUILT_PRODUCTS_DIR; };
		5AA551851EC06C2E00CA5E0F /* SwiftLearnTests.swift */ = {isa = PBXFileReference; lastKnownFileType = sourcecode.swift; path = SwiftLearnTests.swift; sourceTree = "<group>"; };
		5AA551871EC06C2E00CA5E0F /* Info.plist */ = {isa = PBXFileReference; lastKnownFileType = text.plist.xml; path = Info.plist; sourceTree = "<group>"; };
		5AA5518C1EC06C2E00CA5E0F /* SwiftLearnUITests.xctest */ = {isa = PBXFileReference; explicitFileType = wrapper.cfbundle; includeInIndex = 0; path = SwiftLearnUITests.xctest; sourceTree = BUILT_PRODUCTS_DIR; };
		5AA551901EC06C2E00CA5E0F /* SwiftLearnUITests.swift */ = {isa = PBXFileReference; lastKnownFileType = sourcecode.swift; path = SwiftLearnUITests.swift; sourceTree = "<group>"; };
		5AA551921EC06C2E00CA5E0F /* Info.plist */ = {isa = PBXFileReference; lastKnownFileType = text.plist.xml; path = Info.plist; sourceTree = "<group>"; };
		5AA5519E1EC076A900CA5E0F /* STLSurveyViewController.swift */ = {isa = PBXFileReference; fileEncoding = 4; lastKnownFileType = sourcecode.swift; path = STLSurveyViewController.swift; sourceTree = "<group>"; };
		6D93476B744553C516B45C13 /* Pods-SwiftLearnUITests.debug.xcconfig */ = {isa = PBXFileReference; includeInIndex = 1; lastKnownFileType = text.xcconfig; name = "Pods-SwiftLearnUITests.debug.xcconfig"; path = "Pods/Target Support Files/Pods-SwiftLearnUITests/Pods-SwiftLearnUITests.debug.xcconfig"; sourceTree = "<group>"; };
		6FB5145732818B4BD4E46BA3 /* Pods_SwiftLearnUITests.framework */ = {isa = PBXFileReference; explicitFileType = wrapper.framework; includeInIndex = 0; path = Pods_SwiftLearnUITests.framework; sourceTree = BUILT_PRODUCTS_DIR; };
		892658C9582953B40CAF2EAA /* Pods-SwiftLearn.debug.xcconfig */ = {isa = PBXFileReference; includeInIndex = 1; lastKnownFileType = text.xcconfig; name = "Pods-SwiftLearn.debug.xcconfig"; path = "Pods/Target Support Files/Pods-SwiftLearn/Pods-SwiftLearn.debug.xcconfig"; sourceTree = "<group>"; };
		9FC34FAAD9A88F8F2E57904D /* Pods-SwiftLearnUITests.release.xcconfig */ = {isa = PBXFileReference; includeInIndex = 1; lastKnownFileType = text.xcconfig; name = "Pods-SwiftLearnUITests.release.xcconfig"; path = "Pods/Target Support Files/Pods-SwiftLearnUITests/Pods-SwiftLearnUITests.release.xcconfig"; sourceTree = "<group>"; };
		B1E8855029CCFE0CCB825BD9 /* Pods-SwiftLearnTests.debug.xcconfig */ = {isa = PBXFileReference; includeInIndex = 1; lastKnownFileType = text.xcconfig; name = "Pods-SwiftLearnTests.debug.xcconfig"; path = "Pods/Target Support Files/Pods-SwiftLearnTests/Pods-SwiftLearnTests.debug.xcconfig"; sourceTree = "<group>"; };
		F359CB9ABC2C9B2843CDE9CD /* Pods_SwiftLearnTests.framework */ = {isa = PBXFileReference; explicitFileType = wrapper.framework; includeInIndex = 0; path = Pods_SwiftLearnTests.framework; sourceTree = BUILT_PRODUCTS_DIR; };
		FAAF0FADB3099A36EF603D12 /* Pods_SwiftLearn.framework */ = {isa = PBXFileReference; explicitFileType = wrapper.framework; includeInIndex = 0; path = Pods_SwiftLearn.framework; sourceTree = BUILT_PRODUCTS_DIR; };
/* End PBXFileReference section */

/* Begin PBXFrameworksBuildPhase section */
		5AA5516A1EC06C2E00CA5E0F /* Frameworks */ = {
			isa = PBXFrameworksBuildPhase;
			buildActionMask = 2147483647;
			files = (
				AAA758F86F024E6D1AEFC163 /* Pods_SwiftLearn.framework in Frameworks */,
			);
			runOnlyForDeploymentPostprocessing = 0;
		};
		5AA5517E1EC06C2E00CA5E0F /* Frameworks */ = {
			isa = PBXFrameworksBuildPhase;
			buildActionMask = 2147483647;
			files = (
				EB7ABD57679CAE882F283063 /* Pods_SwiftLearnTests.framework in Frameworks */,
			);
			runOnlyForDeploymentPostprocessing = 0;
		};
		5AA551891EC06C2E00CA5E0F /* Frameworks */ = {
			isa = PBXFrameworksBuildPhase;
			buildActionMask = 2147483647;
			files = (
				87C7439CB7E81899A504B88F /* Pods_SwiftLearnUITests.framework in Frameworks */,
			);
			runOnlyForDeploymentPostprocessing = 0;
		};
/* End PBXFrameworksBuildPhase section */

/* Begin PBXGroup section */
		5AA551641EC06C2E00CA5E0F = {
			isa = PBXGroup;
			children = (
				5AA5516F1EC06C2E00CA5E0F /* SwiftLearn */,
				5AA551841EC06C2E00CA5E0F /* SwiftLearnTests */,
				5AA5518F1EC06C2E00CA5E0F /* SwiftLearnUITests */,
				5AA5516E1EC06C2E00CA5E0F /* Products */,
				E11E5E34810D15B90768DBA3 /* Pods */,
				FFDA3444A6EA961C8DA5B2C7 /* Frameworks */,
			);
			sourceTree = "<group>";
		};
		5AA5516E1EC06C2E00CA5E0F /* Products */ = {
			isa = PBXGroup;
			children = (
				5AA5516D1EC06C2E00CA5E0F /* SwiftLearn.app */,
				5AA551811EC06C2E00CA5E0F /* SwiftLearnTests.xctest */,
				5AA5518C1EC06C2E00CA5E0F /* SwiftLearnUITests.xctest */,
			);
			name = Products;
			sourceTree = "<group>";
		};
		5AA5516F1EC06C2E00CA5E0F /* SwiftLearn */ = {
			isa = PBXGroup;
			children = (
				5AA551701EC06C2E00CA5E0F /* AppDelegate.swift */,
				5AA551721EC06C2E00CA5E0F /* ViewController.swift */,
				5AA5519E1EC076A900CA5E0F /* STLSurveyViewController.swift */,
				5AA551741EC06C2E00CA5E0F /* Main.storyboard */,
				5AA551771EC06C2E00CA5E0F /* Assets.xcassets */,
				5AA551791EC06C2E00CA5E0F /* LaunchScreen.storyboard */,
				5AA5517C1EC06C2E00CA5E0F /* Info.plist */,
			);
			path = SwiftLearn;
			sourceTree = "<group>";
		};
		5AA551841EC06C2E00CA5E0F /* SwiftLearnTests */ = {
			isa = PBXGroup;
			children = (
				5AA551851EC06C2E00CA5E0F /* SwiftLearnTests.swift */,
				5AA551871EC06C2E00CA5E0F /* Info.plist */,
			);
			path = SwiftLearnTests;
			sourceTree = "<group>";
		};
		5AA5518F1EC06C2E00CA5E0F /* SwiftLearnUITests */ = {
			isa = PBXGroup;
			children = (
				5AA551901EC06C2E00CA5E0F /* SwiftLearnUITests.swift */,
				5AA551921EC06C2E00CA5E0F /* Info.plist */,
			);
			path = SwiftLearnUITests;
			sourceTree = "<group>";
		};
		E11E5E34810D15B90768DBA3 /* Pods */ = {
			isa = PBXGroup;
			children = (
				892658C9582953B40CAF2EAA /* Pods-SwiftLearn.debug.xcconfig */,
				127BF43C50E94241C4AFB26B /* Pods-SwiftLearn.release.xcconfig */,
				B1E8855029CCFE0CCB825BD9 /* Pods-SwiftLearnTests.debug.xcconfig */,
				37233925025034316D11A6D3 /* Pods-SwiftLearnTests.release.xcconfig */,
				6D93476B744553C516B45C13 /* Pods-SwiftLearnUITests.debug.xcconfig */,
				9FC34FAAD9A88F8F2E57904D /* Pods-SwiftLearnUITests.release.xcconfig */,
			);
			name = Pods;
			sourceTree = "<group>";
		};
		FFDA3444A6EA961C8DA5B2C7 /* Frameworks */ = {
			isa = PBXGroup;
			children = (
				FAAF0FADB3099A36EF603D12 /* Pods_SwiftLearn.framework */,
				F359CB9ABC2C9B2843CDE9CD /* Pods_SwiftLearnTests.framework */,
				6FB5145732818B4BD4E46BA3 /* Pods_SwiftLearnUITests.framework */,
			);
			name = Frameworks;
			sourceTree = "<group>";
		};
/* End PBXGroup section */

/* Begin PBXNativeTarget section */
		5AA5516C1EC06C2E00CA5E0F /* SwiftLearn */ = {
			isa = PBXNativeTarget;
			buildConfigurationList = 5AA551951EC06C2E00CA5E0F /* Build configuration list for PBXNativeTarget "SwiftLearn" */;
			buildPhases = (
				4EAFDB285262E88E82624EE9 /* [CP] Check Pods Manifest.lock */,
				5AA551691EC06C2E00CA5E0F /* Sources */,
				5AA5516A1EC06C2E00CA5E0F /* Frameworks */,
				5AA5516B1EC06C2E00CA5E0F /* Resources */,
				B3CEA4D8D497EC8AD2215B4F /* [CP] Embed Pods Frameworks */,
				C90BB41614E0285C7AFC2D82 /* [CP] Copy Pods Resources */,
			);
			buildRules = (
			);
			dependencies = (
			);
			name = SwiftLearn;
			productName = SwiftLearn;
			productReference = 5AA5516D1EC06C2E00CA5E0F /* SwiftLearn.app */;
			productType = "com.apple.product-type.application";
		};
		5AA551801EC06C2E00CA5E0F /* SwiftLearnTests */ = {
			isa = PBXNativeTarget;
			buildConfigurationList = 5AA551981EC06C2E00CA5E0F /* Build configuration list for PBXNativeTarget "SwiftLearnTests" */;
			buildPhases = (
				20625F5A2F3BEBE32899D170 /* [CP] Check Pods Manifest.lock */,
				5AA5517D1EC06C2E00CA5E0F /* Sources */,
				5AA5517E1EC06C2E00CA5E0F /* Frameworks */,
				5AA5517F1EC06C2E00CA5E0F /* Resources */,
				6619204DFDEF62DD755B659B /* [CP] Embed Pods Frameworks */,
				09F28415F377103135B816C4 /* [CP] Copy Pods Resources */,
			);
			buildRules = (
			);
			dependencies = (
				5AA551831EC06C2E00CA5E0F /* PBXTargetDependency */,
			);
			name = SwiftLearnTests;
			productName = SwiftLearnTests;
			productReference = 5AA551811EC06C2E00CA5E0F /* SwiftLearnTests.xctest */;
			productType = "com.apple.product-type.bundle.unit-test";
		};
		5AA5518B1EC06C2E00CA5E0F /* SwiftLearnUITests */ = {
			isa = PBXNativeTarget;
			buildConfigurationList = 5AA5519B1EC06C2E00CA5E0F /* Build configuration list for PBXNativeTarget "SwiftLearnUITests" */;
			buildPhases = (
				B79C07A54581A9F184B4A52C /* [CP] Check Pods Manifest.lock */,
				5AA551881EC06C2E00CA5E0F /* Sources */,
				5AA551891EC06C2E00CA5E0F /* Frameworks */,
				5AA5518A1EC06C2E00CA5E0F /* Resources */,
				8A45F7A96AB1CF0327694696 /* [CP] Embed Pods Frameworks */,
				E8C1101740F7AA1BC248BF36 /* [CP] Copy Pods Resources */,
			);
			buildRules = (
			);
			dependencies = (
				5AA5518E1EC06C2E00CA5E0F /* PBXTargetDependency */,
			);
			name = SwiftLearnUITests;
			productName = SwiftLearnUITests;
			productReference = 5AA5518C1EC06C2E00CA5E0F /* SwiftLearnUITests.xctest */;
			productType = "com.apple.product-type.bundle.ui-testing";
		};
/* End PBXNativeTarget section */

/* Begin PBXProject section */
		5AA551651EC06C2E00CA5E0F /* Project object */ = {
			isa = PBXProject;
			attributes = {
				LastSwiftUpdateCheck = 0830;
				LastUpgradeCheck = 0830;
				ORGANIZATIONNAME = STL;
				TargetAttributes = {
					5AA5516C1EC06C2E00CA5E0F = {
						CreatedOnToolsVersion = 8.3.2;
						DevelopmentTeam = ZS5H993K43;
						ProvisioningStyle = Automatic;
					};
					5AA551801EC06C2E00CA5E0F = {
						CreatedOnToolsVersion = 8.3.2;
						DevelopmentTeam = ZS5H993K43;
						ProvisioningStyle = Automatic;
						TestTargetID = 5AA5516C1EC06C2E00CA5E0F;
					};
					5AA5518B1EC06C2E00CA5E0F = {
						CreatedOnToolsVersion = 8.3.2;
						DevelopmentTeam = ZS5H993K43;
						ProvisioningStyle = Automatic;
						TestTargetID = 5AA5516C1EC06C2E00CA5E0F;
					};
				};
			};
			buildConfigurationList = 5AA551681EC06C2E00CA5E0F /* Build configuration list for PBXProject "SwiftLearn" */;
			compatibilityVersion = "Xcode 3.2";
			developmentRegion = English;
			hasScannedForEncodings = 0;
			knownRegions = (
				en,
				Base,
			);
			mainGroup = 5AA551641EC06C2E00CA5E0F;
			productRefGroup = 5AA5516E1EC06C2E00CA5E0F /* Products */;
			projectDirPath = "";
			projectRoot = "";
			targets = (
				5AA5516C1EC06C2E00CA5E0F /* SwiftLearn */,
				5AA551801EC06C2E00CA5E0F /* SwiftLearnTests */,
				5AA5518B1EC06C2E00CA5E0F /* SwiftLearnUITests */,
			);
		};
/* End PBXProject section */

/* Begin PBXResourcesBuildPhase section */
		5AA5516B1EC06C2E00CA5E0F /* Resources */ = {
			isa = PBXResourcesBuildPhase;
			buildActionMask = 2147483647;
			files = (
				5AA5517B1EC06C2E00CA5E0F /* LaunchScreen.storyboard in Resources */,
				5AA551781EC06C2E00CA5E0F /* Assets.xcassets in Resources */,
				5AA551761EC06C2E00CA5E0F /* Main.storyboard in Resources */,
			);
			runOnlyForDeploymentPostprocessing = 0;
		};
		5AA5517F1EC06C2E00CA5E0F /* Resources */ = {
			isa = PBXResourcesBuildPhase;
			buildActionMask = 2147483647;
			files = (
			);
			runOnlyForDeploymentPostprocessing = 0;
		};
		5AA5518A1EC06C2E00CA5E0F /* Resources */ = {
			isa = PBXResourcesBuildPhase;
			buildActionMask = 2147483647;
			files = (
			);
			runOnlyForDeploymentPostprocessing = 0;
		};
/* End PBXResourcesBuildPhase section */

/* Begin PBXShellScriptBuildPhase section */
		09F28415F377103135B816C4 /* [CP] Copy Pods Resources */ = {
			isa = PBXShellScriptBuildPhase;
			buildActionMask = 2147483647;
			files = (
			);
			inputPaths = (
			);
			name = "[CP] Copy Pods Resources";
			outputPaths = (
			);
			runOnlyForDeploymentPostprocessing = 0;
			shellPath = /bin/sh;
			shellScript = "\"${SRCROOT}/Pods/Target Support Files/Pods-SwiftLearnTests/Pods-SwiftLearnTests-resources.sh\"\n";
			showEnvVarsInLog = 0;
		};
		20625F5A2F3BEBE32899D170 /* [CP] Check Pods Manifest.lock */ = {
			isa = PBXShellScriptBuildPhase;
			buildActionMask = 2147483647;
			files = (
			);
			inputPaths = (
			);
			name = "[CP] Check Pods Manifest.lock";
			outputPaths = (
			);
			runOnlyForDeploymentPostprocessing = 0;
			shellPath = /bin/sh;
			shellScript = "diff \"${PODS_PODFILE_DIR_PATH}/Podfile.lock\" \"${PODS_ROOT}/Manifest.lock\" > /dev/null\nif [ $? != 0 ] ; then\n    # print error to STDERR\n    echo \"error: The sandbox is not in sync with the Podfile.lock. Run 'pod install' or update your CocoaPods installation.\" >&2\n    exit 1\nfi\n";
			showEnvVarsInLog = 0;
		};
		4EAFDB285262E88E82624EE9 /* [CP] Check Pods Manifest.lock */ = {
			isa = PBXShellScriptBuildPhase;
			buildActionMask = 2147483647;
			files = (
			);
			inputPaths = (
			);
			name = "[CP] Check Pods Manifest.lock";
			outputPaths = (
			);
			runOnlyForDeploymentPostprocessing = 0;
			shellPath = /bin/sh;
			shellScript = "diff \"${PODS_PODFILE_DIR_PATH}/Podfile.lock\" \"${PODS_ROOT}/Manifest.lock\" > /dev/null\nif [ $? != 0 ] ; then\n    # print error to STDERR\n    echo \"error: The sandbox is not in sync with the Podfile.lock. Run 'pod install' or update your CocoaPods installation.\" >&2\n    exit 1\nfi\n";
			showEnvVarsInLog = 0;
		};
		6619204DFDEF62DD755B659B /* [CP] Embed Pods Frameworks */ = {
			isa = PBXShellScriptBuildPhase;
			buildActionMask = 2147483647;
			files = (
			);
			inputPaths = (
			);
			name = "[CP] Embed Pods Frameworks";
			outputPaths = (
			);
			runOnlyForDeploymentPostprocessing = 0;
			shellPath = /bin/sh;
			shellScript = "\"${SRCROOT}/Pods/Target Support Files/Pods-SwiftLearnTests/Pods-SwiftLearnTests-frameworks.sh\"\n";
			showEnvVarsInLog = 0;
		};
		8A45F7A96AB1CF0327694696 /* [CP] Embed Pods Frameworks */ = {
			isa = PBXShellScriptBuildPhase;
			buildActionMask = 2147483647;
			files = (
			);
			inputPaths = (
			);
			name = "[CP] Embed Pods Frameworks";
			outputPaths = (
			);
			runOnlyForDeploymentPostprocessing = 0;
			shellPath = /bin/sh;
			shellScript = "\"${SRCROOT}/Pods/Target Support Files/Pods-SwiftLearnUITests/Pods-SwiftLearnUITests-frameworks.sh\"\n";
			showEnvVarsInLog = 0;
		};
		B3CEA4D8D497EC8AD2215B4F /* [CP] Embed Pods Frameworks */ = {
			isa = PBXShellScriptBuildPhase;
			buildActionMask = 2147483647;
			files = (
			);
			inputPaths = (
			);
			name = "[CP] Embed Pods Frameworks";
			outputPaths = (
			);
			runOnlyForDeploymentPostprocessing = 0;
			shellPath = /bin/sh;
			shellScript = "\"${SRCROOT}/Pods/Target Support Files/Pods-SwiftLearn/Pods-SwiftLearn-frameworks.sh\"\n";
			showEnvVarsInLog = 0;
		};
		B79C07A54581A9F184B4A52C /* [CP] Check Pods Manifest.lock */ = {
			isa = PBXShellScriptBuildPhase;
			buildActionMask = 2147483647;
			files = (
			);
			inputPaths = (
			);
			name = "[CP] Check Pods Manifest.lock";
			outputPaths = (
			);
			runOnlyForDeploymentPostprocessing = 0;
			shellPath = /bin/sh;
			shellScript = "diff \"${PODS_PODFILE_DIR_PATH}/Podfile.lock\" \"${PODS_ROOT}/Manifest.lock\" > /dev/null\nif [ $? != 0 ] ; then\n    # print error to STDERR\n    echo \"error: The sandbox is not in sync with the Podfile.lock. Run 'pod install' or update your CocoaPods installation.\" >&2\n    exit 1\nfi\n";
			showEnvVarsInLog = 0;
		};
		C90BB41614E0285C7AFC2D82 /* [CP] Copy Pods Resources */ = {
			isa = PBXShellScriptBuildPhase;
			buildActionMask = 2147483647;
			files = (
			);
			inputPaths = (
			);
			name = "[CP] Copy Pods Resources";
			outputPaths = (
			);
			runOnlyForDeploymentPostprocessing = 0;
			shellPath = /bin/sh;
			shellScript = "\"${SRCROOT}/Pods/Target Support Files/Pods-SwiftLearn/Pods-SwiftLearn-resources.sh\"\n";
			showEnvVarsInLog = 0;
		};
		E8C1101740F7AA1BC248BF36 /* [CP] Copy Pods Resources */ = {
			isa = PBXShellScriptBuildPhase;
			buildActionMask = 2147483647;
			files = (
			);
			inputPaths = (
			);
			name = "[CP] Copy Pods Resources";
			outputPaths = (
			);
			runOnlyForDeploymentPostprocessing = 0;
			shellPath = /bin/sh;
			shellScript = "\"${SRCROOT}/Pods/Target Support Files/Pods-SwiftLearnUITests/Pods-SwiftLearnUITests-resources.sh\"\n";
			showEnvVarsInLog = 0;
		};
/* End PBXShellScriptBuildPhase section */

/* Begin PBXSourcesBuildPhase section */
		5AA551691EC06C2E00CA5E0F /* Sources */ = {
			isa = PBXSourcesBuildPhase;
			buildActionMask = 2147483647;
			files = (
				5AA551731EC06C2E00CA5E0F /* ViewController.swift in Sources */,
				5AA551711EC06C2E00CA5E0F /* AppDelegate.swift in Sources */,
				5AA5519F1EC076A900CA5E0F /* STLSurveyViewController.swift in Sources */,
			);
			runOnlyForDeploymentPostprocessing = 0;
		};
		5AA5517D1EC06C2E00CA5E0F /* Sources */ = {
			isa = PBXSourcesBuildPhase;
			buildActionMask = 2147483647;
			files = (
				5AA551861EC06C2E00CA5E0F /* SwiftLearnTests.swift in Sources */,
			);
			runOnlyForDeploymentPostprocessing = 0;
		};
		5AA551881EC06C2E00CA5E0F /* Sources */ = {
			isa = PBXSourcesBuildPhase;
			buildActionMask = 2147483647;
			files = (
				5AA551911EC06C2E00CA5E0F /* SwiftLearnUITests.swift in Sources */,
			);
			runOnlyForDeploymentPostprocessing = 0;
		};
/* End PBXSourcesBuildPhase section */

/* Begin PBXTargetDependency section */
		5AA551831EC06C2E00CA5E0F /* PBXTargetDependency */ = {
			isa = PBXTargetDependency;
			target = 5AA5516C1EC06C2E00CA5E0F /* SwiftLearn */;
			targetProxy = 5AA551821EC06C2E00CA5E0F /* PBXContainerItemProxy */;
		};
		5AA5518E1EC06C2E00CA5E0F /* PBXTargetDependency */ = {
			isa = PBXTargetDependency;
			target = 5AA5516C1EC06C2E00CA5E0F /* SwiftLearn */;
			targetProxy = 5AA5518D1EC06C2E00CA5E0F /* PBXContainerItemProxy */;
		};
/* End PBXTargetDependency section */

/* Begin PBXVariantGroup section */
		5AA551741EC06C2E00CA5E0F /* Main.storyboard */ = {
			isa = PBXVariantGroup;
			children = (
				5AA551751EC06C2E00CA5E0F /* Base */,
			);
			name = Main.storyboard;
			sourceTree = "<group>";
		};
		5AA551791EC06C2E00CA5E0F /* LaunchScreen.storyboard */ = {
			isa = PBXVariantGroup;
			children = (
				5AA5517A1EC06C2E00CA5E0F /* Base */,
			);
			name = LaunchScreen.storyboard;
			sourceTree = "<group>";
		};
/* End PBXVariantGroup section */

/* Begin XCBuildConfiguration section */
		5AA551931EC06C2E00CA5E0F /* Debug */ = {
			isa = XCBuildConfiguration;
			buildSettings = {
				ALWAYS_SEARCH_USER_PATHS = NO;
				CLANG_ANALYZER_NONNULL = YES;
				CLANG_ANALYZER_NUMBER_OBJECT_CONVERSION = YES_AGGRESSIVE;
				CLANG_CXX_LANGUAGE_STANDARD = "gnu++0x";
				CLANG_CXX_LIBRARY = "libc++";
				CLANG_ENABLE_MODULES = YES;
				CLANG_ENABLE_OBJC_ARC = YES;
				CLANG_WARN_BOOL_CONVERSION = YES;
				CLANG_WARN_CONSTANT_CONVERSION = YES;
				CLANG_WARN_DIRECT_OBJC_ISA_USAGE = YES_ERROR;
				CLANG_WARN_DOCUMENTATION_COMMENTS = YES;
				CLANG_WARN_EMPTY_BODY = YES;
				CLANG_WARN_ENUM_CONVERSION = YES;
				CLANG_WARN_INFINITE_RECURSION = YES;
				CLANG_WARN_INT_CONVERSION = YES;
				CLANG_WARN_OBJC_ROOT_CLASS = YES_ERROR;
				CLANG_WARN_SUSPICIOUS_MOVE = YES;
				CLANG_WARN_UNREACHABLE_CODE = YES;
				CLANG_WARN__DUPLICATE_METHOD_MATCH = YES;
				"CODE_SIGN_IDENTITY[sdk=iphoneos*]" = "iPhone Developer";
				COPY_PHASE_STRIP = NO;
				DEBUG_INFORMATION_FORMAT = dwarf;
				ENABLE_STRICT_OBJC_MSGSEND = YES;
				ENABLE_TESTABILITY = YES;
				GCC_C_LANGUAGE_STANDARD = gnu99;
				GCC_DYNAMIC_NO_PIC = NO;
				GCC_NO_COMMON_BLOCKS = YES;
				GCC_OPTIMIZATION_LEVEL = 0;
				GCC_PREPROCESSOR_DEFINITIONS = (
					"DEBUG=1",
					"$(inherited)",
				);
				GCC_WARN_64_TO_32_BIT_CONVERSION = YES;
				GCC_WARN_ABOUT_RETURN_TYPE = YES_ERROR;
				GCC_WARN_UNDECLARED_SELECTOR = YES;
				GCC_WARN_UNINITIALIZED_AUTOS = YES_AGGRESSIVE;
				GCC_WARN_UNUSED_FUNCTION = YES;
				GCC_WARN_UNUSED_VARIABLE = YES;
				IPHONEOS_DEPLOYMENT_TARGET = 10.3;
				MTL_ENABLE_DEBUG_INFO = YES;
				ONLY_ACTIVE_ARCH = YES;
				SDKROOT = iphoneos;
				SWIFT_ACTIVE_COMPILATION_CONDITIONS = DEBUG;
				SWIFT_OPTIMIZATION_LEVEL = "-Onone";
			};
			name = Debug;
		};
		5AA551941EC06C2E00CA5E0F /* Release */ = {
			isa = XCBuildConfiguration;
			buildSettings = {
				ALWAYS_SEARCH_USER_PATHS = NO;
				CLANG_ANALYZER_NONNULL = YES;
				CLANG_ANALYZER_NUMBER_OBJECT_CONVERSION = YES_AGGRESSIVE;
				CLANG_CXX_LANGUAGE_STANDARD = "gnu++0x";
				CLANG_CXX_LIBRARY = "libc++";
				CLANG_ENABLE_MODULES = YES;
				CLANG_ENABLE_OBJC_ARC = YES;
				CLANG_WARN_BOOL_CONVERSION = YES;
				CLANG_WARN_CONSTANT_CONVERSION = YES;
				CLANG_WARN_DIRECT_OBJC_ISA_USAGE = YES_ERROR;
				CLANG_WARN_DOCUMENTATION_COMMENTS = YES;
				CLANG_WARN_EMPTY_BODY = YES;
				CLANG_WARN_ENUM_CONVERSION = YES;
				CLANG_WARN_INFINITE_RECURSION = YES;
				CLANG_WARN_INT_CONVERSION = YES;
				CLANG_WARN_OBJC_ROOT_CLASS = YES_ERROR;
				CLANG_WARN_SUSPICIOUS_MOVE = YES;
				CLANG_WARN_UNREACHABLE_CODE = YES;
				CLANG_WARN__DUPLICATE_METHOD_MATCH = YES;
				"CODE_SIGN_IDENTITY[sdk=iphoneos*]" = "iPhone Developer";
				COPY_PHASE_STRIP = NO;
				DEBUG_INFORMATION_FORMAT = "dwarf-with-dsym";
				ENABLE_NS_ASSERTIONS = NO;
				ENABLE_STRICT_OBJC_MSGSEND = YES;
				GCC_C_LANGUAGE_STANDARD = gnu99;
				GCC_NO_COMMON_BLOCKS = YES;
				GCC_WARN_64_TO_32_BIT_CONVERSION = YES;
				GCC_WARN_ABOUT_RETURN_TYPE = YES_ERROR;
				GCC_WARN_UNDECLARED_SELECTOR = YES;
				GCC_WARN_UNINITIALIZED_AUTOS = YES_AGGRESSIVE;
				GCC_WARN_UNUSED_FUNCTION = YES;
				GCC_WARN_UNUSED_VARIABLE = YES;
				IPHONEOS_DEPLOYMENT_TARGET = 10.3;
				MTL_ENABLE_DEBUG_INFO = NO;
				SDKROOT = iphoneos;
				SWIFT_OPTIMIZATION_LEVEL = "-Owholemodule";
				VALIDATE_PRODUCT = YES;
			};
			name = Release;
		};
		5AA551961EC06C2E00CA5E0F /* Debug */ = {
			isa = XCBuildConfiguration;
			baseConfigurationReference = 892658C9582953B40CAF2EAA /* Pods-SwiftLearn.debug.xcconfig */;
			buildSettings = {
				ASSETCATALOG_COMPILER_APPICON_NAME = AppIcon;
				DEVELOPMENT_TEAM = ZS5H993K43;
				INFOPLIST_FILE = SwiftLearn/Info.plist;
				LD_RUNPATH_SEARCH_PATHS = "$(inherited) @executable_path/Frameworks";
				PRODUCT_BUNDLE_IDENTIFIER = com.zzy.SwiftLearn;
				PRODUCT_NAME = "$(TARGET_NAME)";
				SWIFT_VERSION = 3.0;
			};
			name = Debug;
		};
		5AA551971EC06C2E00CA5E0F /* Release */ = {
			isa = XCBuildConfiguration;
			baseConfigurationReference = 127BF43C50E94241C4AFB26B /* Pods-SwiftLearn.release.xcconfig */;
			buildSettings = {
				ASSETCATALOG_COMPILER_APPICON_NAME = AppIcon;
				DEVELOPMENT_TEAM = ZS5H993K43;
				INFOPLIST_FILE = SwiftLearn/Info.plist;
				LD_RUNPATH_SEARCH_PATHS = "$(inherited) @executable_path/Frameworks";
				PRODUCT_BUNDLE_IDENTIFIER = com.zzy.SwiftLearn;
				PRODUCT_NAME = "$(TARGET_NAME)";
				SWIFT_VERSION = 3.0;
			};
			name = Release;
		};
		5AA551991EC06C2E00CA5E0F /* Debug */ = {
			isa = XCBuildConfiguration;
			baseConfigurationReference = B1E8855029CCFE0CCB825BD9 /* Pods-SwiftLearnTests.debug.xcconfig */;
			buildSettings = {
				ALWAYS_EMBED_SWIFT_STANDARD_LIBRARIES = YES;
				BUNDLE_LOADER = "$(TEST_HOST)";
				DEVELOPMENT_TEAM = ZS5H993K43;
				INFOPLIST_FILE = SwiftLearnTests/Info.plist;
				LD_RUNPATH_SEARCH_PATHS = "$(inherited) @executable_path/Frameworks @loader_path/Frameworks";
				PRODUCT_BUNDLE_IDENTIFIER = com.zzy.SwiftLearnTests;
				PRODUCT_NAME = "$(TARGET_NAME)";
				SWIFT_VERSION = 3.0;
				TEST_HOST = "$(BUILT_PRODUCTS_DIR)/SwiftLearn.app/SwiftLearn";
			};
			name = Debug;
		};
		5AA5519A1EC06C2E00CA5E0F /* Release */ = {
			isa = XCBuildConfiguration;
			baseConfigurationReference = 37233925025034316D11A6D3 /* Pods-SwiftLearnTests.release.xcconfig */;
			buildSettings = {
				ALWAYS_EMBED_SWIFT_STANDARD_LIBRARIES = YES;
				BUNDLE_LOADER = "$(TEST_HOST)";
				DEVELOPMENT_TEAM = ZS5H993K43;
				INFOPLIST_FILE = SwiftLearnTests/Info.plist;
				LD_RUNPATH_SEARCH_PATHS = "$(inherited) @executable_path/Frameworks @loader_path/Frameworks";
				PRODUCT_BUNDLE_IDENTIFIER = com.zzy.SwiftLearnTests;
				PRODUCT_NAME = "$(TARGET_NAME)";
				SWIFT_VERSION = 3.0;
				TEST_HOST = "$(BUILT_PRODUCTS_DIR)/SwiftLearn.app/SwiftLearn";
			};
			name = Release;
		};
		5AA5519C1EC06C2E00CA5E0F /* Debug */ = {
			isa = XCBuildConfiguration;
			baseConfigurationReference = 6D93476B744553C516B45C13 /* Pods-SwiftLearnUITests.debug.xcconfig */;
			buildSettings = {
				ALWAYS_EMBED_SWIFT_STANDARD_LIBRARIES = YES;
				DEVELOPMENT_TEAM = ZS5H993K43;
				INFOPLIST_FILE = SwiftLearnUITests/Info.plist;
				LD_RUNPATH_SEARCH_PATHS = "$(inherited) @executable_path/Frameworks @loader_path/Frameworks";
				PRODUCT_BUNDLE_IDENTIFIER = com.zzy.SwiftLearnUITests;
				PRODUCT_NAME = "$(TARGET_NAME)";
				SWIFT_VERSION = 3.0;
				TEST_TARGET_NAME = SwiftLearn;
			};
			name = Debug;
		};
		5AA5519D1EC06C2E00CA5E0F /* Release */ = {
			isa = XCBuildConfiguration;
			baseConfigurationReference = 9FC34FAAD9A88F8F2E57904D /* Pods-SwiftLearnUITests.release.xcconfig */;
			buildSettings = {
				ALWAYS_EMBED_SWIFT_STANDARD_LIBRARIES = YES;
				DEVELOPMENT_TEAM = ZS5H993K43;
				INFOPLIST_FILE = SwiftLearnUITests/Info.plist;
				LD_RUNPATH_SEARCH_PATHS = "$(inherited) @executable_path/Frameworks @loader_path/Frameworks";
				PRODUCT_BUNDLE_IDENTIFIER = com.zzy.SwiftLearnUITests;
				PRODUCT_NAME = "$(TARGET_NAME)";
				SWIFT_VERSION = 3.0;
				TEST_TARGET_NAME = SwiftLearn;
			};
			name = Release;
		};
/* End XCBuildConfiguration section */

/* Begin XCConfigurationList section */
		5AA551681EC06C2E00CA5E0F /* Build configuration list for PBXProject "SwiftLearn" */ = {
			isa = XCConfigurationList;
			buildConfigurations = (
				5AA551931EC06C2E00CA5E0F /* Debug */,
				5AA551941EC06C2E00CA5E0F /* Release */,
			);
			defaultConfigurationIsVisible = 0;
			defaultConfigurationName = Release;
		};
		5AA551951EC06C2E00CA5E0F /* Build configuration list for PBXNativeTarget "SwiftLearn" */ = {
			isa = XCConfigurationList;
			buildConfigurations = (
				5AA551961EC06C2E00CA5E0F /* Debug */,
				5AA551971EC06C2E00CA5E0F /* Release */,
			);
			defaultConfigurationIsVisible = 0;
		};
		5AA551981EC06C2E00CA5E0F /* Build configuration list for PBXNativeTarget "SwiftLearnTests" */ = {
			isa = XCConfigurationList;
			buildConfigurations = (
				5AA551991EC06C2E00CA5E0F /* Debug */,
				5AA5519A1EC06C2E00CA5E0F /* Release */,
			);
			defaultConfigurationIsVisible = 0;
		};
		5AA5519B1EC06C2E00CA5E0F /* Build configuration list for PBXNativeTarget "SwiftLearnUITests" */ = {
			isa = XCConfigurationList;
			buildConfigurations = (
				5AA5519C1EC06C2E00CA5E0F /* Debug */,
				5AA5519D1EC06C2E00CA5E0F /* Release */,
			);
			defaultConfigurationIsVisible = 0;
		};
/* End XCConfigurationList section */
	};
	rootObject = 5AA551651EC06C2E00CA5E0F /* Project object */;
}
